
Microsoft Visual Studio Solution File, Format Version 12.00
# Visual Studio Version 16
VisualStudioVersion = 25.0.1706.0
MinimumVisualStudioVersion = 10.0.40219.1
Project("{FAE04EC0-301F-11D3-BF4B-00C04F79EFBC}") = "MamutSultan", "MamutSultan\MamutSultan.csproj", "{ACC01119-17F7-48EB-BBE8-158F9D61B46B}"
EndProject
Project("{FAE04EC0-301F-11D3-BF4B-00C04F79EFBC}") = "MamutSultanTest", "MamutSultanTest\MamutSultanTest.csproj", "{F4ED89E4-B901-476E-A44F-F70866AD8417}"
EndProject
Global
	GlobalSection(SolutionConfigurationPlatforms) = preSolution
		Debug|Any CPU = Debug|Any CPU
		Release|Any CPU = Release|Any CPU
	EndGlobalSection
	GlobalSection(ProjectConfigurationPlatforms) = postSolution
		{ACC01119-17F7-48EB-BBE8-158F9D61B46B}.Debug|Any CPU.ActiveCfg = Debug|Any CPU
		{ACC01119-17F7-48EB-BBE8-158F9D61B46B}.Debug|Any CPU.Build.0 = Debug|Any CPU
		{ACC01119-17F7-48EB-BBE8-158F9D61B46B}.Release|Any CPU.ActiveCfg = Release|Any CPU
		{ACC01119-17F7-48EB-BBE8-158F9D61B46B}.Release|Any CPU.Build.0 = Release|Any CPU
		{F4ED89E4-B901-476E-A44F-F70866AD8417}.Debug|Any CPU.ActiveCfg = Debug|Any CPU
		{F4ED89E4-B901-476E-A44F-F70866AD8417}.Debug|Any CPU.Build.0 = Debug|Any CPU
		{F4ED89E4-B901-476E-A44F-F70866AD8417}.Release|Any CPU.ActiveCfg = Release|Any CPU
		{F4ED89E4-B901-476E-A44F-F70866AD8417}.Release|Any CPU.Build.0 = Release|Any CPU
	EndGlobalSection
	GlobalSection(SolutionProperties) = preSolution
		HideSolutionNode = FALSE
	EndGlobalSection
	GlobalSection(ExtensibilityGlobals) = postSolution
		SolutionGuid = {0275A739-495F-420C-976E-E4118602419B}
	EndGlobalSection
EndGlobal
